
Microsoft Visual Studio Solution File, Format Version 11.00
# Visual Studio 2010
Project("{FAE04EC0-301F-11D3-BF4B-00C04F79EFBC}") = "RapidNote", "RapidNote\RapidNote.csproj", "{3EBFD9D9-6494-418D-9D85-3EABA2A2F298}"
EndProject
Global
	GlobalSection(SolutionConfigurationPlatforms) = preSolution
		Debug|Any CPU = Debug|Any CPU
		Release|Any CPU = Release|Any CPU
	EndGlobalSection
	GlobalSection(ProjectConfigurationPlatforms) = postSolution
		{3EBFD9D9-6494-418D-9D85-3EABA2A2F298}.Debug|Any CPU.ActiveCfg = Debug|Any CPU
		{3EBFD9D9-6494-418D-9D85-3EABA2A2F298}.Debug|Any CPU.Build.0 = Debug|Any CPU
		{3EBFD9D9-6494-418D-9D85-3EABA2A2F298}.Release|Any CPU.ActiveCfg = Release|Any CPU
		{3EBFD9D9-6494-418D-9D85-3EABA2A2F298}.Release|Any CPU.Build.0 = Release|Any CPU
	EndGlobalSection
	GlobalSection(SolutionProperties) = preSolution
		HideSolutionNode = FALSE
	EndGlobalSection
EndGlobal
